
Microsoft Visual Studio Solution File, Format Version 12.00
# Visual Studio Version 17
VisualStudioVersion = 17.14.36811.4 d17.14
MinimumVisualStudioVersion = 10.0.40219.1
Project("{FAE04EC0-301F-11D3-BF4B-00C04F79EFBC}") = "CoreWebApisWithDockerFile", "CoreWebApisWithDockerFile\CoreWebApisWithDockerFile.csproj", "{8F678699-D030-4C8E-B8E6-D091817858CF}"
EndProject
Global
	GlobalSection(SolutionConfigurationPlatforms) = preSolution
		Debug|Any CPU = Debug|Any CPU
		Release|Any CPU = Release|Any CPU
	EndGlobalSection
	GlobalSection(ProjectConfigurationPlatforms) = postSolution
		{8F678699-D030-4C8E-B8E6-D091817858CF}.Debug|Any CPU.ActiveCfg = Debug|Any CPU
		{8F678699-D030-4C8E-B8E6-D091817858CF}.Debug|Any CPU.Build.0 = Debug|Any CPU
		{8F678699-D030-4C8E-B8E6-D091817858CF}.Release|Any CPU.ActiveCfg = Release|Any CPU
		{8F678699-D030-4C8E-B8E6-D091817858CF}.Release|Any CPU.Build.0 = Release|Any CPU
	EndGlobalSection
	GlobalSection(SolutionProperties) = preSolution
		HideSolutionNode = FALSE
	EndGlobalSection
	GlobalSection(ExtensibilityGlobals) = postSolution
		SolutionGuid = {22F33EFF-605A-4922-90B9-A157A300AE3A}
	EndGlobalSection
EndGlobal
